
Microsoft Visual Studio Solution File, Format Version 12.00
# Visual Studio 15
VisualStudioVersion = 15.0.28307.645
MinimumVisualStudioVersion = 10.0.40219.1
Project("{FAE04EC0-301F-11D3-BF4B-00C04F79EFBC}") = "backend", "backend\backend.csproj", "{D65EF2C3-C359-4696-977A-11148B3982D5}"
EndProject
Project("{FAE04EC0-301F-11D3-BF4B-00C04F79EFBC}") = "backend.tests", "backend.tests\backend.tests.csproj", "{4AB51C80-C174-4DE0-BC36-424DC4D6100F}"
EndProject
Global
	GlobalSection(SolutionConfigurationPlatforms) = preSolution
		Debug|Any CPU = Debug|Any CPU
		Release|Any CPU = Release|Any CPU
	EndGlobalSection
	GlobalSection(ProjectConfigurationPlatforms) = postSolution
		{D65EF2C3-C359-4696-977A-11148B3982D5}.Debug|Any CPU.ActiveCfg = Debug|Any CPU
		{D65EF2C3-C359-4696-977A-11148B3982D5}.Debug|Any CPU.Build.0 = Debug|Any CPU
		{D65EF2C3-C359-4696-977A-11148B3982D5}.Release|Any CPU.ActiveCfg = Release|Any CPU
		{D65EF2C3-C359-4696-977A-11148B3982D5}.Release|Any CPU.Build.0 = Release|Any CPU
		{4AB51C80-C174-4DE0-BC36-424DC4D6100F}.Debug|Any CPU.ActiveCfg = Debug|Any CPU
		{4AB51C80-C174-4DE0-BC36-424DC4D6100F}.Debug|Any CPU.Build.0 = Debug|Any CPU
		{4AB51C80-C174-4DE0-BC36-424DC4D6100F}.Release|Any CPU.ActiveCfg = Release|Any CPU
		{4AB51C80-C174-4DE0-BC36-424DC4D6100F}.Release|Any CPU.Build.0 = Release|Any CPU
	EndGlobalSection
	GlobalSection(SolutionProperties) = preSolution
		HideSolutionNode = FALSE
	EndGlobalSection
	GlobalSection(ExtensibilityGlobals) = postSolution
		SolutionGuid = {B86CCABA-35A8-447E-A513-DB9E1E7FB727}
	EndGlobalSection
EndGlobal
